
Microsoft Visual Studio Solution File, Format Version 12.00
# Visual Studio Version 17
VisualStudioVersion = 17.5.33530.505
MinimumVisualStudioVersion = 10.0.40219.1
Project("{FAE04EC0-301F-11D3-BF4B-00C04F79EFBC}") = "ComponentUserControl", "ComponentUserControl.csproj", "{661218EC-5190-49FD-81A1-C2D10B9E06B9}"
EndProject
Global
	GlobalSection(SolutionConfigurationPlatforms) = preSolution
		Debug|Any CPU = Debug|Any CPU
		Release|Any CPU = Release|Any CPU
	EndGlobalSection
	GlobalSection(ProjectConfigurationPlatforms) = postSolution
		{661218EC-5190-49FD-81A1-C2D10B9E06B9}.Debug|Any CPU.ActiveCfg = Debug|Any CPU
		{661218EC-5190-49FD-81A1-C2D10B9E06B9}.Debug|Any CPU.Build.0 = Debug|Any CPU
		{661218EC-5190-49FD-81A1-C2D10B9E06B9}.Release|Any CPU.ActiveCfg = Release|Any CPU
		{661218EC-5190-49FD-81A1-C2D10B9E06B9}.Release|Any CPU.Build.0 = Release|Any CPU
	EndGlobalSection
	GlobalSection(SolutionProperties) = preSolution
		HideSolutionNode = FALSE
	EndGlobalSection
	GlobalSection(ExtensibilityGlobals) = postSolution
		SolutionGuid = {BA290046-8EF3-4E09-B2FD-7B894664D876}
	EndGlobalSection
EndGlobal
